# Resolved for CPython 3.12 / Windows x64, 2026-10-08. Runtime verification pending.
MetaTrader5==5.0.6231
supabase==2.32.0
python-dotenv==1.2.4
pydantic==2.14.0
numpy==2.5.3
realtime==2.32.0
supabase-functions==2.32.0
storage3==2.32.0
supabase-auth==2.32.0
postgrest==2.32.0
httpx==0.28.1
yarl==1.25.1
deprecation==2.1.0
typing-extensions==4.16.0
websockets==15.0.1
PyJWT==2.15.1
StrEnum==0.4.15
annotated-types==0.8.0
pydantic-core==2.50.0
typing-inspection==0.4.4
anyio==4.15.1
certifi==2026.7.22
httpcore==1.0.9
idna==3.20
h11==0.16.0
h2==4.4.1
hyperframe==6.1.0
hpack==4.2.0
packaging==26.3
cryptography==50.0.2
cffi==2.1.1
pycparser==3.1
multidict==7.0.0
propcache==0.5.4
